// !$*UTF8*$!
{
	archiveVersion = 1;
	classes = {
	};
	objectVersion = 77;
	objects = {

/* Begin PBXBuildFile section */
		88EE30C44DDC683E95B7097E /* Pods_RoxMovementAnalyzerUITests.framework in Frameworks */ = {isa = PBXBuildFile; fileRef = 4F2F9B0CCA99823685E46653 /* Pods_RoxMovementAnalyzerUITests.framework */; };
		941189C4E79E7D61AFDC947D /* Pods_RoxMovementAnalyzer.framework in Frameworks */ = {isa = PBXBuildFile; fileRef = A361BDC031BBA6988FCD03DC /* Pods_RoxMovementAnalyzer.framework */; };
		F89EB653F7A1856C61A8B44E /* Pods_RoxMovementAnalyzerTests.framework in Frameworks */ = {isa = PBXBuildFile; fileRef = AB878E56535CF80E859AEA4A /* Pods_RoxMovementAnalyzerTests.framework */; };
/* End PBXBuildFile section */

/* Begin PBXContainerItemProxy section */
		5D0DAE07301701E400027355 /* PBXContainerItemProxy */ = {
			isa = PBXContainerItemProxy;
			containerPortal = 5D0DADF0301701E200027355 /* Project object */;
			proxyType = 1;
			remoteGlobalIDString = 5D0DADF7301701E200027355;
			remoteInfo = RoxMovementAnalyzer;
		};
		5D0DAE11301701E400027355 /* PBXContainerItemProxy */ = {
			isa = PBXContainerItemProxy;
			containerPortal = 5D0DADF0301701E200027355 /* Project object */;
			proxyType = 1;
			remoteGlobalIDString = 5D0DADF7301701E200027355;
			remoteInfo = RoxMovementAnalyzer;
		};
/* End PBXContainerItemProxy section */

/* Begin PBXFileReference section */
		135F3942C0B7FAA55DA93854 /* Pods-RoxMovementAnalyzer.release.xcconfig */ = {isa = PBXFileReference; includeInIndex = 1; lastKnownFileType = text.xcconfig; name = "Pods-RoxMovementAnalyzer.release.xcconfig"; path = "Target Support Files/Pods-RoxMovementAnalyzer/Pods-RoxMovementAnalyzer.release.xcconfig"; sourceTree = "<group>"; };
		3056C4741182460BD247A396 /* Pods-RoxMovementAnalyzer.debug.xcconfig */ = {isa = PBXFileReference; includeInIndex = 1; lastKnownFileType = text.xcconfig; name = "Pods-RoxMovementAnalyzer.debug.xcconfig"; path = "Target Support Files/Pods-RoxMovementAnalyzer/Pods-RoxMovementAnalyzer.debug.xcconfig"; sourceTree = "<group>"; };
		4F2F9B0CCA99823685E46653 /* Pods_RoxMovementAnalyzerUITests.framework */ = {isa = PBXFileReference; explicitFileType = wrapper.framework; includeInIndex = 0; path = Pods_RoxMovementAnalyzerUITests.framework; sourceTree = BUILT_PRODUCTS_DIR; };
		5D0DADF8301701E200027355 /* RoxMovementAnalyzer.app */ = {isa = PBXFileReference; explicitFileType = wrapper.application; includeInIndex = 0; path = RoxMovementAnalyzer.app; sourceTree = BUILT_PRODUCTS_DIR; };
		5D0DAE06301701E400027355 /* RoxMovementAnalyzerTests.xctest */ = {isa = PBXFileReference; explicitFileType = wrapper.cfbundle; includeInIndex = 0; path = RoxMovementAnalyzerTests.xctest; sourceTree = BUILT_PRODUCTS_DIR; };
		5D0DAE10301701E400027355 /* RoxMovementAnalyzerUITests.xctest */ = {isa = PBXFileReference; explicitFileType = wrapper.cfbundle; includeInIndex = 0; path = RoxMovementAnalyzerUITests.xctest; sourceTree = BUILT_PRODUCTS_DIR; };
		8737C8FFA4238EC8FDA5290A /* Pods-RoxMovementAnalyzerTests.debug.xcconfig */ = {isa = PBXFileReference; includeInIndex = 1; lastKnownFileType = text.xcconfig; name = "Pods-RoxMovementAnalyzerTests.debug.xcconfig"; path = "Target Support Files/Pods-RoxMovementAnalyzerTests/Pods-RoxMovementAnalyzerTests.debug.xcconfig"; sourceTree = "<group>"; };
		8DA548C2449906CC390738D6 /* Pods-RoxMovementAnalyzerUITests.debug.xcconfig */ = {isa = PBXFileReference; includeInIndex = 1; lastKnownFileType = text.xcconfig; name = "Pods-RoxMovementAnalyzerUITests.debug.xcconfig"; path = "Target Support Files/Pods-RoxMovementAnalyzerUITests/Pods-RoxMovementAnalyzerUITests.debug.xcconfig"; sourceTree = "<group>"; };
		A361BDC031BBA6988FCD03DC /* Pods_RoxMovementAnalyzer.framework */ = {isa = PBXFileReference; explicitFileType = wrapper.framework; includeInIndex = 0; path = Pods_RoxMovementAnalyzer.framework; sourceTree = BUILT_PRODUCTS_DIR; };
		AB878E56535CF80E859AEA4A /* Pods_RoxMovementAnalyzerTests.framework */ = {isa = PBXFileReference; explicitFileType = wrapper.framework; includeInIndex = 0; path = Pods_RoxMovementAnalyzerTests.framework; sourceTree = BUILT_PRODUCTS_DIR; };
		B2122115C29DB1B0C2809118 /* Pods-RoxMovementAnalyzerUITests.release.xcconfig */ = {isa = PBXFileReference; includeInIndex = 1; lastKnownFileType = text.xcconfig; name = "Pods-RoxMovementAnalyzerUITests.release.xcconfig"; path = "Target Support Files/Pods-RoxMovementAnalyzerUITests/Pods-RoxMovementAnalyzerUITests.release.xcconfig"; sourceTree = "<group>"; };
		EEC5D3666306E0240B471DCC /* Pods-RoxMovementAnalyzerTests.release.xcconfig */ = {isa = PBXFileReference; includeInIndex = 1; lastKnownFileType = text.xcconfig; name = "Pods-RoxMovementAnalyzerTests.release.xcconfig"; path = "Target Support Files/Pods-RoxMovementAnalyzerTests/Pods-RoxMovementAnalyzerTests.release.xcconfig"; sourceTree = "<group>"; };
/* End PBXFileReference section */

/* Begin PBXFileSystemSynchronizedRootGroup section */
		5D0DADFA301701E200027355 /* RoxMovementAnalyzer */ = {
			isa = PBXFileSystemSynchronizedRootGroup;
			path = RoxMovementAnalyzer;
			sourceTree = "<group>";
		};
		5D0DAE09301701E400027355 /* RoxMovementAnalyzerTests */ = {
			isa = PBXFileSystemSynchronizedRootGroup;
			path = RoxMovementAnalyzerTests;
			sourceTree = "<group>";
		};
		5D0DAE13301701E400027355 /* RoxMovementAnalyzerUITests */ = {
			isa = PBXFileSystemSynchronizedRootGroup;
			path = RoxMovementAnalyzerUITests;
			sourceTree = "<group>";
		};
/* End PBXFileSystemSynchronizedRootGroup section */

/* Begin PBXFrameworksBuildPhase section */
		5D0DADF5301701E200027355 /* Frameworks */ = {
			isa = PBXFrameworksBuildPhase;
			buildActionMask = 2147483647;
			files = (
				941189C4E79E7D61AFDC947D /* Pods_RoxMovementAnalyzer.framework in Frameworks */,
			);
			runOnlyForDeploymentPostprocessing = 0;
		};
		5D0DAE03301701E400027355 /* Frameworks */ = {
			isa = PBXFrameworksBuildPhase;
			buildActionMask = 2147483647;
			files = (
				F89EB653F7A1856C61A8B44E /* Pods_RoxMovementAnalyzerTests.framework in Frameworks */,
			);
			runOnlyForDeploymentPostprocessing = 0;
		};
		5D0DAE0D301701E400027355 /* Frameworks */ = {
			isa = PBXFrameworksBuildPhase;
			buildActionMask = 2147483647;
			files = (
				88EE30C44DDC683E95B7097E /* Pods_RoxMovementAnalyzerUITests.framework in Frameworks */,
			);
			runOnlyForDeploymentPostprocessing = 0;
		};
/* End PBXFrameworksBuildPhase section */

/* Begin PBXGroup section */
		5474E1DE09048FBC97B86852 /* Pods */ = {
			isa = PBXGroup;
			children = (
				3056C4741182460BD247A396 /* Pods-RoxMovementAnalyzer.debug.xcconfig */,
				135F3942C0B7FAA55DA93854 /* Pods-RoxMovementAnalyzer.release.xcconfig */,
				8737C8FFA4238EC8FDA5290A /* Pods-RoxMovementAnalyzerTests.debug.xcconfig */,
				EEC5D3666306E0240B471DCC /* Pods-RoxMovementAnalyzerTests.release.xcconfig */,
				8DA548C2449906CC390738D6 /* Pods-RoxMovementAnalyzerUITests.debug.xcconfig */,
				B2122115C29DB1B0C2809118 /* Pods-RoxMovementAnalyzerUITests.release.xcconfig */,
			);
			path = Pods;
			sourceTree = "<group>";
		};
		5D0DADEF301701E200027355 = {
			isa = PBXGroup;
			children = (
				5D0DADFA301701E200027355 /* RoxMovementAnalyzer */,
				5D0DAE09301701E400027355 /* RoxMovementAnalyzerTests */,
				5D0DAE13301701E400027355 /* RoxMovementAnalyzerUITests */,
				5D0DADF9301701E200027355 /* Products */,
				5474E1DE09048FBC97B86852 /* Pods */,
				E94F9D2E7F6A0F0D1E49D37F /* Frameworks */,
			);
			sourceTree = "<group>";
		};
		5D0DADF9301701E200027355 /* Products */ = {
			isa = PBXGroup;
			children = (
				5D0DADF8301701E200027355 /* RoxMovementAnalyzer.app */,
				5D0DAE06301701E400027355 /* RoxMovementAnalyzerTests.xctest */,
				5D0DAE10301701E400027355 /* RoxMovementAnalyzerUITests.xctest */,
			);
			name = Products;
			sourceTree = "<group>";
		};
		E94F9D2E7F6A0F0D1E49D37F /* Frameworks */ = {
			isa = PBXGroup;
			children = (
				A361BDC031BBA6988FCD03DC /* Pods_RoxMovementAnalyzer.framework */,
				AB878E56535CF80E859AEA4A /* Pods_RoxMovementAnalyzerTests.framework */,
				4F2F9B0CCA99823685E46653 /* Pods_RoxMovementAnalyzerUITests.framework */,
			);
			name = Frameworks;
			sourceTree = "<group>";
		};
/* End PBXGroup section */

/* Begin PBXNativeTarget section */
		5D0DADF7301701E200027355 /* RoxMovementAnalyzer */ = {
			isa = PBXNativeTarget;
			buildConfigurationList = 5D0DAE1A301701E400027355 /* Build configuration list for PBXNativeTarget "RoxMovementAnalyzer" */;
			buildPhases = (
				D9D4C6CB2C07C40EF4A3A61F /* [CP] Check Pods Manifest.lock */,
				5D0DADF4301701E200027355 /* Sources */,
				5D0DADF5301701E200027355 /* Frameworks */,
				5D0DADF6301701E200027355 /* Resources */,
			);
			buildRules = (
			);
			dependencies = (
			);
			fileSystemSynchronizedGroups = (
				5D0DADFA301701E200027355 /* RoxMovementAnalyzer */,
			);
			name = RoxMovementAnalyzer;
			productName = RoxMovementAnalyzer;
			productReference = 5D0DADF8301701E200027355 /* RoxMovementAnalyzer.app */;
			productType = "com.apple.product-type.application";
		};
		5D0DAE05301701E400027355 /* RoxMovementAnalyzerTests */ = {
			isa = PBXNativeTarget;
			buildConfigurationList = 5D0DAE1D301701E400027355 /* Build configuration list for PBXNativeTarget "RoxMovementAnalyzerTests" */;
			buildPhases = (
				D020076A9CE3A7039750278B /* [CP] Check Pods Manifest.lock */,
				5D0DAE02301701E400027355 /* Sources */,
				5D0DAE03301701E400027355 /* Frameworks */,
				5D0DAE04301701E400027355 /* Resources */,
			);
			buildRules = (
			);
			dependencies = (
				5D0DAE08301701E400027355 /* PBXTargetDependency */,
			);
			fileSystemSynchronizedGroups = (
				5D0DAE09301701E400027355 /* RoxMovementAnalyzerTests */,
			);
			name = RoxMovementAnalyzerTests;
			productName = RoxMovementAnalyzerTests;
			productReference = 5D0DAE06301701E400027355 /* RoxMovementAnalyzerTests.xctest */;
			productType = "com.apple.product-type.bundle.unit-test";
		};
		5D0DAE0F301701E400027355 /* RoxMovementAnalyzerUITests */ = {
			isa = PBXNativeTarget;
			buildConfigurationList = 5D0DAE20301701E400027355 /* Build configuration list for PBXNativeTarget "RoxMovementAnalyzerUITests" */;
			buildPhases = (
				E65CD0B6A7477168840816DF /* [CP] Check Pods Manifest.lock */,
				5D0DAE0C301701E400027355 /* Sources */,
				5D0DAE0D301701E400027355 /* Frameworks */,
				5D0DAE0E301701E400027355 /* Resources */,
			);
			buildRules = (
			);
			dependencies = (
				5D0DAE12301701E400027355 /* PBXTargetDependency */,
			);
			fileSystemSynchronizedGroups = (
				5D0DAE13301701E400027355 /* RoxMovementAnalyzerUITests */,
			);
			name = RoxMovementAnalyzerUITests;
			productName = RoxMovementAnalyzerUITests;
			productReference = 5D0DAE10301701E400027355 /* RoxMovementAnalyzerUITests.xctest */;
			productType = "com.apple.product-type.bundle.ui-testing";
		};
/* End PBXNativeTarget section */

/* Begin PBXProject section */
		5D0DADF0301701E200027355 /* Project object */ = {
			isa = PBXProject;
			attributes = {
				BuildIndependentTargetsInParallel = 1;
				LastSwiftUpdateCheck = 1640;
				LastUpgradeCheck = 1640;
				TargetAttributes = {
					5D0DADF7301701E200027355 = {
						CreatedOnToolsVersion = 16.4;
					};
					5D0DAE05301701E400027355 = {
						CreatedOnToolsVersion = 16.4;
						TestTargetID = 5D0DADF7301701E200027355;
					};
					5D0DAE0F301701E400027355 = {
						CreatedOnToolsVersion = 16.4;
						TestTargetID = 5D0DADF7301701E200027355;
					};
				};
			};
			buildConfigurationList = 5D0DADF3301701E200027355 /* Build configuration list for PBXProject "RoxMovementAnalyzer" */;
			developmentRegion = en;
			hasScannedForEncodings = 0;
			knownRegions = (
				en,
				Base,
			);
			mainGroup = 5D0DADEF301701E200027355;
			minimizedProjectReferenceProxies = 1;
			preferredProjectObjectVersion = 77;
			productRefGroup = 5D0DADF9301701E200027355 /* Products */;
			projectDirPath = "";
			projectRoot = "";
			targets = (
				5D0DADF7301701E200027355 /* RoxMovementAnalyzer */,
				5D0DAE05301701E400027355 /* RoxMovementAnalyzerTests */,
				5D0DAE0F301701E400027355 /* RoxMovementAnalyzerUITests */,
			);
		};
/* End PBXProject section */

/* Begin PBXResourcesBuildPhase section */
		5D0DADF6301701E200027355 /* Resources */ = {
			isa = PBXResourcesBuildPhase;
			buildActionMask = 2147483647;
			files = (
			);
			runOnlyForDeploymentPostprocessing = 0;
		};
		5D0DAE04301701E400027355 /* Resources */ = {
			isa = PBXResourcesBuildPhase;
			buildActionMask = 2147483647;
			files = (
			);
			runOnlyForDeploymentPostprocessing = 0;
		};
		5D0DAE0E301701E400027355 /* Resources */ = {
			isa = PBXResourcesBuildPhase;
			buildActionMask = 2147483647;
			files = (
			);
			runOnlyForDeploymentPostprocessing = 0;
		};
/* End PBXResourcesBuildPhase section */

/* Begin PBXShellScriptBuildPhase section */
		D020076A9CE3A7039750278B /* [CP] Check Pods Manifest.lock */ = {
			isa = PBXShellScriptBuildPhase;
			buildActionMask = 2147483647;
			files = (
			);
			inputFileListPaths = (
			);
			inputPaths = (
				"${PODS_PODFILE_DIR_PATH}/Podfile.lock",
				"${PODS_ROOT}/Manifest.lock",
			);
			name = "[CP] Check Pods Manifest.lock";
			outputFileListPaths = (
			);
			outputPaths = (
				"$(DERIVED_FILE_DIR)/Pods-RoxMovementAnalyzerTests-checkManifestLockResult.txt",
			);
			runOnlyForDeploymentPostprocessing = 0;
			shellPath = /bin/sh;
			shellScript = "diff \"${PODS_PODFILE_DIR_PATH}/Podfile.lock\" \"${PODS_ROOT}/Manifest.lock\" > /dev/null\nif [ $? != 0 ] ; then\n    # print error to STDERR\n    echo \"error: The sandbox is not in sync with the Podfile.lock. Run 'pod install' or update your CocoaPods installation.\" >&2\n    exit 1\nfi\n# This output is used by Xcode 'outputs' to avoid re-running this script phase.\necho \"SUCCESS\" > \"${SCRIPT_OUTPUT_FILE_0}\"\n";
			showEnvVarsInLog = 0;
		};
		D9D4C6CB2C07C40EF4A3A61F /* [CP] Check Pods Manifest.lock */ = {
			isa = PBXShellScriptBuildPhase;
			buildActionMask = 2147483647;
			files = (
			);
			inputFileListPaths = (
			);
			inputPaths = (
				"${PODS_PODFILE_DIR_PATH}/Podfile.lock",
				"${PODS_ROOT}/Manifest.lock",
			);
			name = "[CP] Check Pods Manifest.lock";
			outputFileListPaths = (
			);
			outputPaths = (
				"$(DERIVED_FILE_DIR)/Pods-RoxMovementAnalyzer-checkManifestLockResult.txt",
			);
			runOnlyForDeploymentPostprocessing = 0;
			shellPath = /bin/sh;
			shellScript = "diff \"${PODS_PODFILE_DIR_PATH}/Podfile.lock\" \"${PODS_ROOT}/Manifest.lock\" > /dev/null\nif [ $? != 0 ] ; then\n    # print error to STDERR\n    echo \"error: The sandbox is not in sync with the Podfile.lock. Run 'pod install' or update your CocoaPods installation.\" >&2\n    exit 1\nfi\n# This output is used by Xcode 'outputs' to avoid re-running this script phase.\necho \"SUCCESS\" > \"${SCRIPT_OUTPUT_FILE_0}\"\n";
			showEnvVarsInLog = 0;
		};
		E65CD0B6A7477168840816DF /* [CP] Check Pods Manifest.lock */ = {
			isa = PBXShellScriptBuildPhase;
			buildActionMask = 2147483647;
			files = (
			);
			inputFileListPaths = (
			);
			inputPaths = (
				"${PODS_PODFILE_DIR_PATH}/Podfile.lock",
				"${PODS_ROOT}/Manifest.lock",
			);
			name = "[CP] Check Pods Manifest.lock";
			outputFileListPaths = (
			);
			outputPaths = (
				"$(DERIVED_FILE_DIR)/Pods-RoxMovementAnalyzerUITests-checkManifestLockResult.txt",
			);
			runOnlyForDeploymentPostprocessing = 0;
			shellPath = /bin/sh;
			shellScript = "diff \"${PODS_PODFILE_DIR_PATH}/Podfile.lock\" \"${PODS_ROOT}/Manifest.lock\" > /dev/null\nif [ $? != 0 ] ; then\n    # print error to STDERR\n    echo \"error: The sandbox is not in sync with the Podfile.lock. Run 'pod install' or update your CocoaPods installation.\" >&2\n    exit 1\nfi\n# This output is used by Xcode 'outputs' to avoid re-running this script phase.\necho \"SUCCESS\" > \"${SCRIPT_OUTPUT_FILE_0}\"\n";
			showEnvVarsInLog = 0;
		};
/* End PBXShellScriptBuildPhase section */

/* Begin PBXSourcesBuildPhase section */
		5D0DADF4301701E200027355 /* Sources */ = {
			isa = PBXSourcesBuildPhase;
			buildActionMask = 2147483647;
			files = (
			);
			runOnlyForDeploymentPostprocessing = 0;
		};
		5D0DAE02301701E400027355 /* Sources */ = {
			isa = PBXSourcesBuildPhase;
			buildActionMask = 2147483647;
			files = (
			);
			runOnlyForDeploymentPostprocessing = 0;
		};
		5D0DAE0C301701E400027355 /* Sources */ = {
			isa = PBXSourcesBuildPhase;
			buildActionMask = 2147483647;
			files = (
			);
			runOnlyForDeploymentPostprocessing = 0;
		};
/* End PBXSourcesBuildPhase section */

/* Begin PBXTargetDependency section */
		5D0DAE08301701E400027355 /* PBXTargetDependency */ = {
			isa = PBXTargetDependency;
			target = 5D0DADF7301701E200027355 /* RoxMovementAnalyzer */;
			targetProxy = 5D0DAE07301701E400027355 /* PBXContainerItemProxy */;
		};
		5D0DAE12301701E400027355 /* PBXTargetDependency */ = {
			isa = PBXTargetDependency;
			target = 5D0DADF7301701E200027355 /* RoxMovementAnalyzer */;
			targetProxy = 5D0DAE11301701E400027355 /* PBXContainerItemProxy */;
		};
/* End PBXTargetDependency section */

/* Begin XCBuildConfiguration section */
		5D0DAE18301701E400027355 /* Debug */ = {
			isa = XCBuildConfiguration;
			buildSettings = {
				ALWAYS_SEARCH_USER_PATHS = NO;
				ASSETCATALOG_COMPILER_GENERATE_SWIFT_ASSET_SYMBOL_EXTENSIONS = YES;
				CLANG_ANALYZER_NONNULL = YES;
				CLANG_ANALYZER_NUMBER_OBJECT_CONVERSION = YES_AGGRESSIVE;
				CLANG_CXX_LANGUAGE_STANDARD = "gnu++20";
				CLANG_ENABLE_MODULES = YES;
				CLANG_ENABLE_OBJC_ARC = YES;
				CLANG_ENABLE_OBJC_WEAK = YES;
				CLANG_WARN_BLOCK_CAPTURE_AUTORELEASING = YES;
				CLANG_WARN_BOOL_CONVERSION = YES;
				CLANG_WARN_COMMA = YES;
				CLANG_WARN_CONSTANT_CONVERSION = YES;
				CLANG_WARN_DEPRECATED_OBJC_IMPLEMENTATIONS = YES;
				CLANG_WARN_DIRECT_OBJC_ISA_USAGE = YES_ERROR;
				CLANG_WARN_DOCUMENTATION_COMMENTS = YES;
				CLANG_WARN_EMPTY_BODY = YES;
				CLANG_WARN_ENUM_CONVERSION = YES;
				CLANG_WARN_INFINITE_RECURSION = YES;
				CLANG_WARN_INT_CONVERSION = YES;
				CLANG_WARN_NON_LITERAL_NULL_CONVERSION = YES;
				CLANG_WARN_OBJC_IMPLICIT_RETAIN_SELF = YES;
				CLANG_WARN_OBJC_LITERAL_CONVERSION = YES;
				CLANG_WARN_OBJC_ROOT_CLASS = YES_ERROR;
				CLANG_WARN_QUOTED_INCLUDE_IN_FRAMEWORK_HEADER = YES;
				CLANG_WARN_RANGE_LOOP_ANALYSIS = YES;
				CLANG_WARN_STRICT_PROTOTYPES = YES;
				CLANG_WARN_SUSPICIOUS_MOVE = YES;
				CLANG_WARN_UNGUARDED_AVAILABILITY = YES_AGGRESSIVE;
				CLANG_WARN_UNREACHABLE_CODE = YES;
				CLANG_WARN__DUPLICATE_METHOD_MATCH = YES;
				COPY_PHASE_STRIP = NO;
				DEBUG_INFORMATION_FORMAT = dwarf;
				DEVELOPMENT_TEAM = DYR4D2NHH5;
				ENABLE_STRICT_OBJC_MSGSEND = YES;
				ENABLE_TESTABILITY = YES;
				ENABLE_USER_SCRIPT_SANDBOXING = YES;
				GCC_C_LANGUAGE_STANDARD = gnu17;
				GCC_DYNAMIC_NO_PIC = NO;
				GCC_NO_COMMON_BLOCKS = YES;
				GCC_OPTIMIZATION_LEVEL = 0;
				GCC_PREPROCESSOR_DEFINITIONS = (
					"DEBUG=1",
					"$(inherited)",
				);
				GCC_WARN_64_TO_32_BIT_CONVERSION = YES;
				GCC_WARN_ABOUT_RETURN_TYPE = YES_ERROR;
				GCC_WARN_UNDECLARED_SELECTOR = YES;
				GCC_WARN_UNINITIALIZED_AUTOS = YES_AGGRESSIVE;
				GCC_WARN_UNUSED_FUNCTION = YES;
				GCC_WARN_UNUSED_VARIABLE = YES;
				LOCALIZATION_PREFERS_STRING_CATALOGS = YES;
				MTL_ENABLE_DEBUG_INFO = INCLUDE_SOURCE;
				MTL_FAST_MATH = YES;
				ONLY_ACTIVE_ARCH = YES;
				SWIFT_ACTIVE_COMPILATION_CONDITIONS = "DEBUG $(inherited)";
				SWIFT_OPTIMIZATION_LEVEL = "-Onone";
			};
			name = Debug;
		};
		5D0DAE19301701E400027355 /* Release */ = {
			isa = XCBuildConfiguration;
			buildSettings = {
				ALWAYS_SEARCH_USER_PATHS = NO;
				ASSETCATALOG_COMPILER_GENERATE_SWIFT_ASSET_SYMBOL_EXTENSIONS = YES;
				CLANG_ANALYZER_NONNULL = YES;
				CLANG_ANALYZER_NUMBER_OBJECT_CONVERSION = YES_AGGRESSIVE;
				CLANG_CXX_LANGUAGE_STANDARD = "gnu++20";
				CLANG_ENABLE_MODULES = YES;
				CLANG_ENABLE_OBJC_ARC = YES;
				CLANG_ENABLE_OBJC_WEAK = YES;
				CLANG_WARN_BLOCK_CAPTURE_AUTORELEASING = YES;
				CLANG_WARN_BOOL_CONVERSION = YES;
				CLANG_WARN_COMMA = YES;
				CLANG_WARN_CONSTANT_CONVERSION = YES;
				CLANG_WARN_DEPRECATED_OBJC_IMPLEMENTATIONS = YES;
				CLANG_WARN_DIRECT_OBJC_ISA_USAGE = YES_ERROR;
				CLANG_WARN_DOCUMENTATION_COMMENTS = YES;
				CLANG_WARN_EMPTY_BODY = YES;
				CLANG_WARN_ENUM_CONVERSION = YES;
				CLANG_WARN_INFINITE_RECURSION = YES;
				CLANG_WARN_INT_CONVERSION = YES;
				CLANG_WARN_NON_LITERAL_NULL_CONVERSION = YES;
				CLANG_WARN_OBJC_IMPLICIT_RETAIN_SELF = YES;
				CLANG_WARN_OBJC_LITERAL_CONVERSION = YES;
				CLANG_WARN_OBJC_ROOT_CLASS = YES_ERROR;
				CLANG_WARN_QUOTED_INCLUDE_IN_FRAMEWORK_HEADER = YES;
				CLANG_WARN_RANGE_LOOP_ANALYSIS = YES;
				CLANG_WARN_STRICT_PROTOTYPES = YES;
				CLANG_WARN_SUSPICIOUS_MOVE = YES;
				CLANG_WARN_UNGUARDED_AVAILABILITY = YES_AGGRESSIVE;
				CLANG_WARN_UNREACHABLE_CODE = YES;
				CLANG_WARN__DUPLICATE_METHOD_MATCH = YES;
				COPY_PHASE_STRIP = NO;
				DEBUG_INFORMATION_FORMAT = "dwarf-with-dsym";
				DEVELOPMENT_TEAM = DYR4D2NHH5;
				ENABLE_NS_ASSERTIONS = NO;
				ENABLE_STRICT_OBJC_MSGSEND = YES;
				ENABLE_USER_SCRIPT_SANDBOXING = YES;
				GCC_C_LANGUAGE_STANDARD = gnu17;
				GCC_NO_COMMON_BLOCKS = YES;
				GCC_WARN_64_TO_32_BIT_CONVERSION = YES;
				GCC_WARN_ABOUT_RETURN_TYPE = YES_ERROR;
				GCC_WARN_UNDECLARED_SELECTOR = YES;
				GCC_WARN_UNINITIALIZED_AUTOS = YES_AGGRESSIVE;
				GCC_WARN_UNUSED_FUNCTION = YES;
				GCC_WARN_UNUSED_VARIABLE = YES;
				LOCALIZATION_PREFERS_STRING_CATALOGS = YES;
				MTL_ENABLE_DEBUG_INFO = NO;
				MTL_FAST_MATH = YES;
				SWIFT_COMPILATION_MODE = wholemodule;
			};
			name = Release;
		};
		5D0DAE1B301701E400027355 /* Debug */ = {
			isa = XCBuildConfiguration;
			baseConfigurationReference = 3056C4741182460BD247A396 /* Pods-RoxMovementAnalyzer.debug.xcconfig */;
			buildSettings = {
				ASSETCATALOG_COMPILER_APPICON_NAME = AppIcon;
				ASSETCATALOG_COMPILER_GLOBAL_ACCENT_COLOR_NAME = AccentColor;
				CODE_SIGN_ENTITLEMENTS = RoxMovementAnalyzer/RoxMovementAnalyzer.entitlements;
				CODE_SIGN_STYLE = Automatic;
				CURRENT_PROJECT_VERSION = 1;
				DEVELOPMENT_TEAM = A3QHS7J765;
				ENABLE_HARDENED_RUNTIME = YES;
				ENABLE_PREVIEWS = YES;
				GENERATE_INFOPLIST_FILE = YES;
				INFOPLIST_KEY_NSCameraUsageDescription = "Rox Coach uses the camera to record workouts and provide live technique feedback.";
				"INFOPLIST_KEY_UIApplicationSceneManifest_Generation[sdk=iphoneos*]" = YES;
				"INFOPLIST_KEY_UIApplicationSceneManifest_Generation[sdk=iphonesimulator*]" = YES;
				"INFOPLIST_KEY_UIApplicationSupportsIndirectInputEvents[sdk=iphoneos*]" = YES;
				"INFOPLIST_KEY_UIApplicationSupportsIndirectInputEvents[sdk=iphonesimulator*]" = YES;
				"INFOPLIST_KEY_UILaunchScreen_Generation[sdk=iphoneos*]" = YES;
				"INFOPLIST_KEY_UILaunchScreen_Generation[sdk=iphonesimulator*]" = YES;
				"INFOPLIST_KEY_UIStatusBarStyle[sdk=iphoneos*]" = UIStatusBarStyleDefault;
				"INFOPLIST_KEY_UIStatusBarStyle[sdk=iphonesimulator*]" = UIStatusBarStyleDefault;
				INFOPLIST_KEY_UISupportedInterfaceOrientations_iPad = "UIInterfaceOrientationPortrait UIInterfaceOrientationPortraitUpsideDown UIInterfaceOrientationLandscapeLeft UIInterfaceOrientationLandscapeRight";
				INFOPLIST_KEY_UISupportedInterfaceOrientations_iPhone = "UIInterfaceOrientationPortrait UIInterfaceOrientationLandscapeLeft UIInterfaceOrientationLandscapeRight";
				IPHONEOS_DEPLOYMENT_TARGET = 18.5;
				LD_RUNPATH_SEARCH_PATHS = "@executable_path/Frameworks";
				"LD_RUNPATH_SEARCH_PATHS[sdk=macosx*]" = "@executable_path/../Frameworks";
				MACOSX_DEPLOYMENT_TARGET = 15.5;
				MARKETING_VERSION = 1.0;
				PRODUCT_BUNDLE_IDENTIFIER = com.vikramho.RoxMovementAnalyzer;
				PRODUCT_NAME = "$(TARGET_NAME)";
				REGISTER_APP_GROUPS = YES;
				SDKROOT = auto;
				SUPPORTED_PLATFORMS = "iphoneos iphonesimulator macosx xros xrsimulator";
				SWIFT_EMIT_LOC_STRINGS = YES;
				SWIFT_VERSION = 5.0;
				TARGETED_DEVICE_FAMILY = "1,2,7";
				XROS_DEPLOYMENT_TARGET = 2.5;
			};
			name = Debug;
		};
		5D0DAE1C301701E400027355 /* Release */ = {
			isa = XCBuildConfiguration;
			baseConfigurationReference = 135F3942C0B7FAA55DA93854 /* Pods-RoxMovementAnalyzer.release.xcconfig */;
			buildSettings = {
				ASSETCATALOG_COMPILER_APPICON_NAME = AppIcon;
				ASSETCATALOG_COMPILER_GLOBAL_ACCENT_COLOR_NAME = AccentColor;
				CODE_SIGN_ENTITLEMENTS = RoxMovementAnalyzer/RoxMovementAnalyzer.entitlements;
				CODE_SIGN_STYLE = Automatic;
				CURRENT_PROJECT_VERSION = 1;
				DEVELOPMENT_TEAM = A3QHS7J765;
				ENABLE_HARDENED_RUNTIME = YES;
				ENABLE_PREVIEWS = YES;
				GENERATE_INFOPLIST_FILE = YES;
				INFOPLIST_KEY_NSCameraUsageDescription = "Rox Coach uses the camera to record workouts and provide live technique feedback.";
				"INFOPLIST_KEY_UIApplicationSceneManifest_Generation[sdk=iphoneos*]" = YES;
				"INFOPLIST_KEY_UIApplicationSceneManifest_Generation[sdk=iphonesimulator*]" = YES;
				"INFOPLIST_KEY_UIApplicationSupportsIndirectInputEvents[sdk=iphoneos*]" = YES;
				"INFOPLIST_KEY_UIApplicationSupportsIndirectInputEvents[sdk=iphonesimulator*]" = YES;
				"INFOPLIST_KEY_UILaunchScreen_Generation[sdk=iphoneos*]" = YES;
				"INFOPLIST_KEY_UILaunchScreen_Generation[sdk=iphonesimulator*]" = YES;
				"INFOPLIST_KEY_UIStatusBarStyle[sdk=iphoneos*]" = UIStatusBarStyleDefault;
				"INFOPLIST_KEY_UIStatusBarStyle[sdk=iphonesimulator*]" = UIStatusBarStyleDefault;
				INFOPLIST_KEY_UISupportedInterfaceOrientations_iPad = "UIInterfaceOrientationPortrait UIInterfaceOrientationPortraitUpsideDown UIInterfaceOrientationLandscapeLeft UIInterfaceOrientationLandscapeRight";
				INFOPLIST_KEY_UISupportedInterfaceOrientations_iPhone = "UIInterfaceOrientationPortrait UIInterfaceOrientationLandscapeLeft UIInterfaceOrientationLandscapeRight";
				IPHONEOS_DEPLOYMENT_TARGET = 18.5;
				LD_RUNPATH_SEARCH_PATHS = "@executable_path/Frameworks";
				"LD_RUNPATH_SEARCH_PATHS[sdk=macosx*]" = "@executable_path/../Frameworks";
				MACOSX_DEPLOYMENT_TARGET = 15.5;
				MARKETING_VERSION = 1.0;
				PRODUCT_BUNDLE_IDENTIFIER = com.vikramho.RoxMovementAnalyzer;
				PRODUCT_NAME = "$(TARGET_NAME)";
				REGISTER_APP_GROUPS = YES;
				SDKROOT = auto;
				SUPPORTED_PLATFORMS = "iphoneos iphonesimulator macosx xros xrsimulator";
				SWIFT_EMIT_LOC_STRINGS = YES;
				SWIFT_VERSION = 5.0;
				TARGETED_DEVICE_FAMILY = "1,2,7";
				XROS_DEPLOYMENT_TARGET = 2.5;
			};
			name = Release;
		};
		5D0DAE1E301701E400027355 /* Debug */ = {
			isa = XCBuildConfiguration;
			baseConfigurationReference = 8737C8FFA4238EC8FDA5290A /* Pods-RoxMovementAnalyzerTests.debug.xcconfig */;
			buildSettings = {
				BUNDLE_LOADER = "$(TEST_HOST)";
				CODE_SIGN_STYLE = Automatic;
				CURRENT_PROJECT_VERSION = 1;
				DEVELOPMENT_TEAM = DYR4D2NHH5;
				GENERATE_INFOPLIST_FILE = YES;
				IPHONEOS_DEPLOYMENT_TARGET = 18.5;
				MACOSX_DEPLOYMENT_TARGET = 15.5;
				MARKETING_VERSION = 1.0;
				PRODUCT_BUNDLE_IDENTIFIER = RoxMovementAnalyzer.vikram.ho.RoxMovementAnalyzerTests;
				PRODUCT_NAME = "$(TARGET_NAME)";
				SDKROOT = auto;
				SUPPORTED_PLATFORMS = "iphoneos iphonesimulator macosx xros xrsimulator";
				SWIFT_EMIT_LOC_STRINGS = NO;
				SWIFT_VERSION = 5.0;
				TARGETED_DEVICE_FAMILY = "1,2,7";
				TEST_HOST = "$(BUILT_PRODUCTS_DIR)/RoxMovementAnalyzer.app/$(BUNDLE_EXECUTABLE_FOLDER_PATH)/RoxMovementAnalyzer";
				XROS_DEPLOYMENT_TARGET = 2.5;
			};
			name = Debug;
		};
		5D0DAE1F301701E400027355 /* Release */ = {
			isa = XCBuildConfiguration;
			baseConfigurationReference = EEC5D3666306E0240B471DCC /* Pods-RoxMovementAnalyzerTests.release.xcconfig */;
			buildSettings = {
				BUNDLE_LOADER = "$(TEST_HOST)";
				CODE_SIGN_STYLE = Automatic;
				CURRENT_PROJECT_VERSION = 1;
				DEVELOPMENT_TEAM = DYR4D2NHH5;
				GENERATE_INFOPLIST_FILE = YES;
				IPHONEOS_DEPLOYMENT_TARGET = 18.5;
				MACOSX_DEPLOYMENT_TARGET = 15.5;
				MARKETING_VERSION = 1.0;
				PRODUCT_BUNDLE_IDENTIFIER = RoxMovementAnalyzer.vikram.ho.RoxMovementAnalyzerTests;
				PRODUCT_NAME = "$(TARGET_NAME)";
				SDKROOT = auto;
				SUPPORTED_PLATFORMS = "iphoneos iphonesimulator macosx xros xrsimulator";
				SWIFT_EMIT_LOC_STRINGS = NO;
				SWIFT_VERSION = 5.0;
				TARGETED_DEVICE_FAMILY = "1,2,7";
				TEST_HOST = "$(BUILT_PRODUCTS_DIR)/RoxMovementAnalyzer.app/$(BUNDLE_EXECUTABLE_FOLDER_PATH)/RoxMovementAnalyzer";
				XROS_DEPLOYMENT_TARGET = 2.5;
			};
			name = Release;
		};
		5D0DAE21301701E400027355 /* Debug */ = {
			isa = XCBuildConfiguration;
			baseConfigurationReference = 8DA548C2449906CC390738D6 /* Pods-RoxMovementAnalyzerUITests.debug.xcconfig */;
			buildSettings = {
				CODE_SIGN_STYLE = Automatic;
				CURRENT_PROJECT_VERSION = 1;
				DEVELOPMENT_TEAM = DYR4D2NHH5;
				GENERATE_INFOPLIST_FILE = YES;
				IPHONEOS_DEPLOYMENT_TARGET = 18.5;
				MACOSX_DEPLOYMENT_TARGET = 15.5;
				MARKETING_VERSION = 1.0;
				PRODUCT_BUNDLE_IDENTIFIER = RoxMovementAnalyzer.vikram.ho.RoxMovementAnalyzerUITests;
				PRODUCT_NAME = "$(TARGET_NAME)";
				SDKROOT = auto;
				SUPPORTED_PLATFORMS = "iphoneos iphonesimulator macosx xros xrsimulator";
				SWIFT_EMIT_LOC_STRINGS = NO;
				SWIFT_VERSION = 5.0;
				TARGETED_DEVICE_FAMILY = "1,2,7";
				TEST_TARGET_NAME = RoxMovementAnalyzer;
				XROS_DEPLOYMENT_TARGET = 2.5;
			};
			name = Debug;
		};
		5D0DAE22301701E400027355 /* Release */ = {
			isa = XCBuildConfiguration;
			baseConfigurationReference = B2122115C29DB1B0C2809118 /* Pods-RoxMovementAnalyzerUITests.release.xcconfig */;
			buildSettings = {
				CODE_SIGN_STYLE = Automatic;
				CURRENT_PROJECT_VERSION = 1;
				DEVELOPMENT_TEAM = DYR4D2NHH5;
				GENERATE_INFOPLIST_FILE = YES;
				IPHONEOS_DEPLOYMENT_TARGET = 18.5;
				MACOSX_DEPLOYMENT_TARGET = 15.5;
				MARKETING_VERSION = 1.0;
				PRODUCT_BUNDLE_IDENTIFIER = RoxMovementAnalyzer.vikram.ho.RoxMovementAnalyzerUITests;
				PRODUCT_NAME = "$(TARGET_NAME)";
				SDKROOT = auto;
				SUPPORTED_PLATFORMS = "iphoneos iphonesimulator macosx xros xrsimulator";
				SWIFT_EMIT_LOC_STRINGS = NO;
				SWIFT_VERSION = 5.0;
				TARGETED_DEVICE_FAMILY = "1,2,7";
				TEST_TARGET_NAME = RoxMovementAnalyzer;
				XROS_DEPLOYMENT_TARGET = 2.5;
			};
			name = Release;
		};
/* End XCBuildConfiguration section */

/* Begin XCConfigurationList section */
		5D0DADF3301701E200027355 /* Build configuration list for PBXProject "RoxMovementAnalyzer" */ = {
			isa = XCConfigurationList;
			buildConfigurations = (
				5D0DAE18301701E400027355 /* Debug */,
				5D0DAE19301701E400027355 /* Release */,
			);
			defaultConfigurationIsVisible = 0;
			defaultConfigurationName = Release;
		};
		5D0DAE1A301701E400027355 /* Build configuration list for PBXNativeTarget "RoxMovementAnalyzer" */ = {
			isa = XCConfigurationList;
			buildConfigurations = (
				5D0DAE1B301701E400027355 /* Debug */,
				5D0DAE1C301701E400027355 /* Release */,
			);
			defaultConfigurationIsVisible = 0;
			defaultConfigurationName = Release;
		};
		5D0DAE1D301701E400027355 /* Build configuration list for PBXNativeTarget "RoxMovementAnalyzerTests" */ = {
			isa = XCConfigurationList;
			buildConfigurations = (
				5D0DAE1E301701E400027355 /* Debug */,
				5D0DAE1F301701E400027355 /* Release */,
			);
			defaultConfigurationIsVisible = 0;
			defaultConfigurationName = Release;
		};
		5D0DAE20301701E400027355 /* Build configuration list for PBXNativeTarget "RoxMovementAnalyzerUITests" */ = {
			isa = XCConfigurationList;
			buildConfigurations = (
				5D0DAE21301701E400027355 /* Debug */,
				5D0DAE22301701E400027355 /* Release */,
			);
			defaultConfigurationIsVisible = 0;
			defaultConfigurationName = Release;
		};
/* End XCConfigurationList section */
	};
	rootObject = 5D0DADF0301701E200027355 /* Project object */;
}
